
Microsoft Visual Studio Solution File, Format Version 12.00
# Visual Studio 2013
VisualStudioVersion = 12.0.31101.0
MinimumVisualStudioVersion = 10.0.40219.1
Project("{FAE04EC0-301F-11D3-BF4B-00C04F79EFBC}") = "HazeltreeMVC", "HazeltreeMVC\HazeltreeMVC.csproj", "{9FA01221-61AE-4211-8C03-323733855FA1}"
EndProject
Project("{FAE04EC0-301F-11D3-BF4B-00C04F79EFBC}") = "HazeltreeAngular", "..\HazeltreeAngular\HazeltreeAngular\HazeltreeAngular.csproj", "{3A7245E0-F471-484B-9E1E-310BB29DEC39}"
EndProject
Global
	GlobalSection(SolutionConfigurationPlatforms) = preSolution
		Debug|Any CPU = Debug|Any CPU
		Release|Any CPU = Release|Any CPU
	EndGlobalSection
	GlobalSection(ProjectConfigurationPlatforms) = postSolution
		{9FA01221-61AE-4211-8C03-323733855FA1}.Debug|Any CPU.ActiveCfg = Debug|Any CPU
		{9FA01221-61AE-4211-8C03-323733855FA1}.Debug|Any CPU.Build.0 = Debug|Any CPU
		{9FA01221-61AE-4211-8C03-323733855FA1}.Release|Any CPU.ActiveCfg = Release|Any CPU
		{9FA01221-61AE-4211-8C03-323733855FA1}.Release|Any CPU.Build.0 = Release|Any CPU
		{3A7245E0-F471-484B-9E1E-310BB29DEC39}.Debug|Any CPU.ActiveCfg = Debug|Any CPU
		{3A7245E0-F471-484B-9E1E-310BB29DEC39}.Debug|Any CPU.Build.0 = Debug|Any CPU
		{3A7245E0-F471-484B-9E1E-310BB29DEC39}.Release|Any CPU.ActiveCfg = Release|Any CPU
		{3A7245E0-F471-484B-9E1E-310BB29DEC39}.Release|Any CPU.Build.0 = Release|Any CPU
	EndGlobalSection
	GlobalSection(SolutionProperties) = preSolution
		HideSolutionNode = FALSE
	EndGlobalSection
EndGlobal
